// !$*UTF8*$!
{
	archiveVersion = 1;
	classes = {
	};
	objectVersion = 51;
	objects = {

/* Begin PBXBuildFile section */
		1A3D152225D4B64000782B8F /* WaterReadingView.swift in Sources */ = {isa = PBXBuildFile; fileRef = 1A3D152125D4B64000782B8F /* WaterReadingView.swift */; };
		1A55664B2565A23F00683DE7 /* UserDataView.swift in Sources */ = {isa = PBXBuildFile; fileRef = 1A55664A2565A23F00683DE7 /* UserDataView.swift */; };
		1AF2D29125FE5467008FB384 /* AppStateManager.swift in Sources */ = {isa = PBXBuildFile; fileRef = 1AF2D29025FE5467008FB384 /* AppStateManager.swift */; };
		3B61EAB9E802619BE36CF686 /* Pods_BottleBuddySwiftUITests.framework in Frameworks */ = {isa = PBXBuildFile; fileRef = AFF1CD522E16F2F022D06793 /* Pods_BottleBuddySwiftUITests.framework */; };
		4C11B14C253B781600FEF692 /* HomePageView.swift in Sources */ = {isa = PBXBuildFile; fileRef = 4C11B14B253B781600FEF692 /* HomePageView.swift */; };
		4C11B156253B783F00FEF692 /* HealthStore.swift in Sources */ = {isa = PBXBuildFile; fileRef = 4C11B155253B783F00FEF692 /* HealthStore.swift */; };
		4C11B160253B78C100FEF692 /* ProfileView.swift in Sources */ = {isa = PBXBuildFile; fileRef = 4C11B15F253B78C000FEF692 /* ProfileView.swift */; };
		4C11B179253B7CF800FEF692 /* HealthKit.framework in Frameworks */ = {isa = PBXBuildFile; fileRef = 4C11B178253B7CF800FEF692 /* HealthKit.framework */; };
		4C5CAA9A25D0CE6A005F9AB8 /* Bluetooth.swift in Sources */ = {isa = PBXBuildFile; fileRef = 4C5CAA9925D0CE6A005F9AB8 /* Bluetooth.swift */; };
		4C80092125E80540000E447A /* NotificationManager.swift in Sources */ = {isa = PBXBuildFile; fileRef = 4C80092025E80540000E447A /* NotificationManager.swift */; };
		4C84DD7025D07CA900DD0376 /* BluetoothConnectView.swift in Sources */ = {isa = PBXBuildFile; fileRef = 4C84DD6F25D07CA900DD0376 /* BluetoothConnectView.swift */; };
		4C84DD7825D07EB800DD0376 /* EditProfileView.swift in Sources */ = {isa = PBXBuildFile; fileRef = 4C84DD7725D07EB800DD0376 /* EditProfileView.swift */; };
		4C84DD8025D0819300DD0376 /* RegisterView.swift in Sources */ = {isa = PBXBuildFile; fileRef = 4C84DD7F25D0819300DD0376 /* RegisterView.swift */; };
		4CAC8ACB25329BE4004A27F8 /* AppDelegate.swift in Sources */ = {isa = PBXBuildFile; fileRef = 4CAC8ACA25329BE4004A27F8 /* AppDelegate.swift */; };
		4CAC8ACD25329BE4004A27F8 /* SceneDelegate.swift in Sources */ = {isa = PBXBuildFile; fileRef = 4CAC8ACC25329BE4004A27F8 /* SceneDelegate.swift */; };
		4CAC8ACF25329BE4004A27F8 /* ContentView.swift in Sources */ = {isa = PBXBuildFile; fileRef = 4CAC8ACE25329BE4004A27F8 /* ContentView.swift */; };
		4CAC8AD125329BE7004A27F8 /* Assets.xcassets in Resources */ = {isa = PBXBuildFile; fileRef = 4CAC8AD025329BE7004A27F8 /* Assets.xcassets */; };
		4CAC8AD425329BE7004A27F8 /* Preview Assets.xcassets in Resources */ = {isa = PBXBuildFile; fileRef = 4CAC8AD325329BE7004A27F8 /* Preview Assets.xcassets */; };
		4CAC8AE225329BE7004A27F8 /* BottleBuddySwiftUITests.swift in Sources */ = {isa = PBXBuildFile; fileRef = 4CAC8AE125329BE7004A27F8 /* BottleBuddySwiftUITests.swift */; };
		4CAC8AED25329BE7004A27F8 /* BottleBuddySwiftUIUITests.swift in Sources */ = {isa = PBXBuildFile; fileRef = 4CAC8AEC25329BE7004A27F8 /* BottleBuddySwiftUIUITests.swift */; };
		4CD5F525253A39AB005711DB /* GoogleService-Info.plist in Resources */ = {isa = PBXBuildFile; fileRef = 4CD5F524253A39AB005711DB /* GoogleService-Info.plist */; };
		4CFE21CC253B5E5600666A61 /* DashboardView.swift in Sources */ = {isa = PBXBuildFile; fileRef = 4CFE21CB253B5E5600666A61 /* DashboardView.swift */; };
		598521448BBFD19C9EAD567D /* Pods_BottleBuddySwiftUI.framework in Frameworks */ = {isa = PBXBuildFile; fileRef = DDC79F4C5EEC16A151306C08 /* Pods_BottleBuddySwiftUI.framework */; };
		C64BE8FA7EB8742C4BD077E5 /* Pods_BottleBuddySwiftUI_BottleBuddySwiftUIUITests.framework in Frameworks */ = {isa = PBXBuildFile; fileRef = B8FC7366B79DE0F3DC32E1F8 /* Pods_BottleBuddySwiftUI_BottleBuddySwiftUIUITests.framework */; };
/* End PBXBuildFile section */

/* Begin PBXContainerItemProxy section */
		4CAC8ADE25329BE7004A27F8 /* PBXContainerItemProxy */ = {
			isa = PBXContainerItemProxy;
			containerPortal = 4CAC8ABF25329BE4004A27F8 /* Project object */;
			proxyType = 1;
			remoteGlobalIDString = 4CAC8AC625329BE4004A27F8;
			remoteInfo = BottleBuddySwiftUI;
		};
		4CAC8AE925329BE7004A27F8 /* PBXContainerItemProxy */ = {
			isa = PBXContainerItemProxy;
			containerPortal = 4CAC8ABF25329BE4004A27F8 /* Project object */;
			proxyType = 1;
			remoteGlobalIDString = 4CAC8AC625329BE4004A27F8;
			remoteInfo = BottleBuddySwiftUI;
		};
/* End PBXContainerItemProxy section */

/* Begin PBXFileReference section */
		056402634D81CEF20D90AC10 /* Pods-BottleBuddySwiftUI.debug.xcconfig */ = {isa = PBXFileReference; includeInIndex = 1; lastKnownFileType = text.xcconfig; name = "Pods-BottleBuddySwiftUI.debug.xcconfig"; path = "Target Support Files/Pods-BottleBuddySwiftUI/Pods-BottleBuddySwiftUI.debug.xcconfig"; sourceTree = "<group>"; };
		0D6C354BF14EECAA4EB10ACF /* Pods-BottleBuddySwiftUITests.release.xcconfig */ = {isa = PBXFileReference; includeInIndex = 1; lastKnownFileType = text.xcconfig; name = "Pods-BottleBuddySwiftUITests.release.xcconfig"; path = "Target Support Files/Pods-BottleBuddySwiftUITests/Pods-BottleBuddySwiftUITests.release.xcconfig"; sourceTree = "<group>"; };
		1A3D152125D4B64000782B8F /* WaterReadingView.swift */ = {isa = PBXFileReference; lastKnownFileType = sourcecode.swift; path = WaterReadingView.swift; sourceTree = "<group>"; };
		1A55664A2565A23F00683DE7 /* UserDataView.swift */ = {isa = PBXFileReference; lastKnownFileType = sourcecode.swift; path = UserDataView.swift; sourceTree = "<group>"; };
		1AF2D29025FE5467008FB384 /* AppStateManager.swift */ = {isa = PBXFileReference; lastKnownFileType = sourcecode.swift; path = AppStateManager.swift; sourceTree = "<group>"; };
		38B124BAE224898E70C437FF /* Pods-BottleBuddySwiftUI.release.xcconfig */ = {isa = PBXFileReference; includeInIndex = 1; lastKnownFileType = text.xcconfig; name = "Pods-BottleBuddySwiftUI.release.xcconfig"; path = "Target Support Files/Pods-BottleBuddySwiftUI/Pods-BottleBuddySwiftUI.release.xcconfig"; sourceTree = "<group>"; };
		4C11B14B253B781600FEF692 /* HomePageView.swift */ = {isa = PBXFileReference; fileEncoding = 4; lastKnownFileType = sourcecode.swift; path = HomePageView.swift; sourceTree = "<group>"; };
		4C11B155253B783F00FEF692 /* HealthStore.swift */ = {isa = PBXFileReference; fileEncoding = 4; lastKnownFileType = sourcecode.swift; path = HealthStore.swift; sourceTree = "<group>"; };
		4C11B15F253B78C000FEF692 /* ProfileView.swift */ = {isa = PBXFileReference; fileEncoding = 4; lastKnownFileType = sourcecode.swift; path = ProfileView.swift; sourceTree = "<group>"; };
		4C11B177253B7CF800FEF692 /* BottleBuddySwiftUI.entitlements */ = {isa = PBXFileReference; lastKnownFileType = text.plist.entitlements; path = BottleBuddySwiftUI.entitlements; sourceTree = "<group>"; };
		4C11B178253B7CF800FEF692 /* HealthKit.framework */ = {isa = PBXFileReference; lastKnownFileType = wrapper.framework; name = HealthKit.framework; path = System/Library/Frameworks/HealthKit.framework; sourceTree = SDKROOT; };
		4C5CAA9925D0CE6A005F9AB8 /* Bluetooth.swift */ = {isa = PBXFileReference; lastKnownFileType = sourcecode.swift; path = Bluetooth.swift; sourceTree = "<group>"; };
		4C80092025E80540000E447A /* NotificationManager.swift */ = {isa = PBXFileReference; lastKnownFileType = sourcecode.swift; path = NotificationManager.swift; sourceTree = "<group>"; };
		4C84DD6F25D07CA900DD0376 /* BluetoothConnectView.swift */ = {isa = PBXFileReference; lastKnownFileType = sourcecode.swift; path = BluetoothConnectView.swift; sourceTree = "<group>"; };
		4C84DD7725D07EB800DD0376 /* EditProfileView.swift */ = {isa = PBXFileReference; lastKnownFileType = sourcecode.swift; path = EditProfileView.swift; sourceTree = "<group>"; };
		4C84DD7F25D0819300DD0376 /* RegisterView.swift */ = {isa = PBXFileReference; lastKnownFileType = sourcecode.swift; path = RegisterView.swift; sourceTree = "<group>"; };
		4CAC8AC725329BE4004A27F8 /* BottleBuddySwiftUI.app */ = {isa = PBXFileReference; explicitFileType = wrapper.application; includeInIndex = 0; path = BottleBuddySwiftUI.app; sourceTree = BUILT_PRODUCTS_DIR; };
		4CAC8ACA25329BE4004A27F8 /* AppDelegate.swift */ = {isa = PBXFileReference; lastKnownFileType = sourcecode.swift; path = AppDelegate.swift; sourceTree = "<group>"; };
		4CAC8ACC25329BE4004A27F8 /* SceneDelegate.swift */ = {isa = PBXFileReference; lastKnownFileType = sourcecode.swift; path = SceneDelegate.swift; sourceTree = "<group>"; };
		4CAC8ACE25329BE4004A27F8 /* ContentView.swift */ = {isa = PBXFileReference; lastKnownFileType = sourcecode.swift; path = ContentView.swift; sourceTree = "<group>"; };
		4CAC8AD025329BE7004A27F8 /* Assets.xcassets */ = {isa = PBXFileReference; lastKnownFileType = folder.assetcatalog; path = Assets.xcassets; sourceTree = "<group>"; };
		4CAC8AD325329BE7004A27F8 /* Preview Assets.xcassets */ = {isa = PBXFileReference; lastKnownFileType = folder.assetcatalog; path = "Preview Assets.xcassets"; sourceTree = "<group>"; };
		4CAC8AD825329BE7004A27F8 /* Info.plist */ = {isa = PBXFileReference; lastKnownFileType = text.plist.xml; path = Info.plist; sourceTree = "<group>"; };
		4CAC8ADD25329BE7004A27F8 /* BottleBuddySwiftUITests.xctest */ = {isa = PBXFileReference; explicitFileType = wrapper.cfbundle; includeInIndex = 0; path = BottleBuddySwiftUITests.xctest; sourceTree = BUILT_PRODUCTS_DIR; };
		4CAC8AE125329BE7004A27F8 /* BottleBuddySwiftUITests.swift */ = {isa = PBXFileReference; lastKnownFileType = sourcecode.swift; path = BottleBuddySwiftUITests.swift; sourceTree = "<group>"; };
		4CAC8AE325329BE7004A27F8 /* Info.plist */ = {isa = PBXFileReference; lastKnownFileType = text.plist.xml; path = Info.plist; sourceTree = "<group>"; };
		4CAC8AE825329BE7004A27F8 /* BottleBuddySwiftUIUITests.xctest */ = {isa = PBXFileReference; explicitFileType = wrapper.cfbundle; includeInIndex = 0; path = BottleBuddySwiftUIUITests.xctest; sourceTree = BUILT_PRODUCTS_DIR; };
		4CAC8AEC25329BE7004A27F8 /* BottleBuddySwiftUIUITests.swift */ = {isa = PBXFileReference; lastKnownFileType = sourcecode.swift; path = BottleBuddySwiftUIUITests.swift; sourceTree = "<group>"; };
		4CAC8AEE25329BE7004A27F8 /* Info.plist */ = {isa = PBXFileReference; lastKnownFileType = text.plist.xml; path = Info.plist; sourceTree = "<group>"; };
		4CD5F524253A39AB005711DB /* GoogleService-Info.plist */ = {isa = PBXFileReference; fileEncoding = 4; lastKnownFileType = text.plist.xml; path = "GoogleService-Info.plist"; sourceTree = "<group>"; };
		4CFE21CB253B5E5600666A61 /* DashboardView.swift */ = {isa = PBXFileReference; lastKnownFileType = sourcecode.swift; path = DashboardView.swift; sourceTree = "<group>"; };
		532BAC16BF9B1B8C1F0012EF /* Pods-BottleBuddySwiftUITests.debug.xcconfig */ = {isa = PBXFileReference; includeInIndex = 1; lastKnownFileType = text.xcconfig; name = "Pods-BottleBuddySwiftUITests.debug.xcconfig"; path = "Target Support Files/Pods-BottleBuddySwiftUITests/Pods-BottleBuddySwiftUITests.debug.xcconfig"; sourceTree = "<group>"; };
		AFF1CD522E16F2F022D06793 /* Pods_BottleBuddySwiftUITests.framework */ = {isa = PBXFileReference; explicitFileType = wrapper.framework; includeInIndex = 0; path = Pods_BottleBuddySwiftUITests.framework; sourceTree = BUILT_PRODUCTS_DIR; };
		B8FC7366B79DE0F3DC32E1F8 /* Pods_BottleBuddySwiftUI_BottleBuddySwiftUIUITests.framework */ = {isa = PBXFileReference; explicitFileType = wrapper.framework; includeInIndex = 0; path = Pods_BottleBuddySwiftUI_BottleBuddySwiftUIUITests.framework; sourceTree = BUILT_PRODUCTS_DIR; };
		CF64B6C1F2D29F6C0567D904 /* Pods-BottleBuddySwiftUI-BottleBuddySwiftUIUITests.release.xcconfig */ = {isa = PBXFileReference; includeInIndex = 1; lastKnownFileType = text.xcconfig; name = "Pods-BottleBuddySwiftUI-BottleBuddySwiftUIUITests.release.xcconfig"; path = "Target Support Files/Pods-BottleBuddySwiftUI-BottleBuddySwiftUIUITests/Pods-BottleBuddySwiftUI-BottleBuddySwiftUIUITests.release.xcconfig"; sourceTree = "<group>"; };
		DDC79F4C5EEC16A151306C08 /* Pods_BottleBuddySwiftUI.framework */ = {isa = PBXFileReference; explicitFileType = wrapper.framework; includeInIndex = 0; path = Pods_BottleBuddySwiftUI.framework; sourceTree = BUILT_PRODUCTS_DIR; };
		E978F329D68E7B6ACDBAE3BF /* Pods-BottleBuddySwiftUI-BottleBuddySwiftUIUITests.debug.xcconfig */ = {isa = PBXFileReference; includeInIndex = 1; lastKnownFileType = text.xcconfig; name = "Pods-BottleBuddySwiftUI-BottleBuddySwiftUIUITests.debug.xcconfig"; path = "Target Support Files/Pods-BottleBuddySwiftUI-BottleBuddySwiftUIUITests/Pods-BottleBuddySwiftUI-BottleBuddySwiftUIUITests.debug.xcconfig"; sourceTree = "<group>"; };
/* End PBXFileReference section */

/* Begin PBXFrameworksBuildPhase section */
		4CAC8AC425329BE4004A27F8 /* Frameworks */ = {
			isa = PBXFrameworksBuildPhase;
			buildActionMask = 2147483647;
			files = (
				598521448BBFD19C9EAD567D /* Pods_BottleBuddySwiftUI.framework in Frameworks */,
				4C11B179253B7CF800FEF692 /* HealthKit.framework in Frameworks */,
			);
			runOnlyForDeploymentPostprocessing = 0;
		};
		4CAC8ADA25329BE7004A27F8 /* Frameworks */ = {
			isa = PBXFrameworksBuildPhase;
			buildActionMask = 2147483647;
			files = (
				3B61EAB9E802619BE36CF686 /* Pods_BottleBuddySwiftUITests.framework in Frameworks */,
			);
			runOnlyForDeploymentPostprocessing = 0;
		};
		4CAC8AE525329BE7004A27F8 /* Frameworks */ = {
			isa = PBXFrameworksBuildPhase;
			buildActionMask = 2147483647;
			files = (
				C64BE8FA7EB8742C4BD077E5 /* Pods_BottleBuddySwiftUI_BottleBuddySwiftUIUITests.framework in Frameworks */,
			);
			runOnlyForDeploymentPostprocessing = 0;
		};
/* End PBXFrameworksBuildPhase section */

/* Begin PBXGroup section */
		4CAC8ABE25329BE4004A27F8 = {
			isa = PBXGroup;
			children = (
				4CAC8AC925329BE4004A27F8 /* BottleBuddySwiftUI */,
				4CAC8AE025329BE7004A27F8 /* BottleBuddySwiftUITests */,
				4CAC8AEB25329BE7004A27F8 /* BottleBuddySwiftUIUITests */,
				4CAC8AC825329BE4004A27F8 /* Products */,
				5C03CF596CDE73173403BB68 /* Pods */,
				AB70ED92E218EDE85B11683C /* Frameworks */,
			);
			sourceTree = "<group>";
		};
		4CAC8AC825329BE4004A27F8 /* Products */ = {
			isa = PBXGroup;
			children = (
				4CAC8AC725329BE4004A27F8 /* BottleBuddySwiftUI.app */,
				4CAC8ADD25329BE7004A27F8 /* BottleBuddySwiftUITests.xctest */,
				4CAC8AE825329BE7004A27F8 /* BottleBuddySwiftUIUITests.xctest */,
			);
			name = Products;
			sourceTree = "<group>";
		};
		4CAC8AC925329BE4004A27F8 /* BottleBuddySwiftUI */ = {
			isa = PBXGroup;
			children = (
				4C11B177253B7CF800FEF692 /* BottleBuddySwiftUI.entitlements */,
				1A3D152125D4B64000782B8F /* WaterReadingView.swift */,
				1A55664A2565A23F00683DE7 /* UserDataView.swift */,
				4CAC8ACA25329BE4004A27F8 /* AppDelegate.swift */,
				4CAC8ACC25329BE4004A27F8 /* SceneDelegate.swift */,
				1AF2D29025FE5467008FB384 /* AppStateManager.swift */,
				4CAC8ACE25329BE4004A27F8 /* ContentView.swift */,
				4C84DD7F25D0819300DD0376 /* RegisterView.swift */,
				4CFE21CB253B5E5600666A61 /* DashboardView.swift */,
				4C11B14B253B781600FEF692 /* HomePageView.swift */,
				4C11B155253B783F00FEF692 /* HealthStore.swift */,
				4C11B15F253B78C000FEF692 /* ProfileView.swift */,
				4C84DD7725D07EB800DD0376 /* EditProfileView.swift */,
				4C5CAA9925D0CE6A005F9AB8 /* Bluetooth.swift */,
				4C84DD6F25D07CA900DD0376 /* BluetoothConnectView.swift */,
				4C80092025E80540000E447A /* NotificationManager.swift */,
				4CAC8AD025329BE7004A27F8 /* Assets.xcassets */,
				4CAC8AD825329BE7004A27F8 /* Info.plist */,
				4CD5F524253A39AB005711DB /* GoogleService-Info.plist */,
				4CAC8AD225329BE7004A27F8 /* Preview Content */,
			);
			path = BottleBuddySwiftUI;
			sourceTree = "<group>";
		};
		4CAC8AD225329BE7004A27F8 /* Preview Content */ = {
			isa = PBXGroup;
			children = (
				4CAC8AD325329BE7004A27F8 /* Preview Assets.xcassets */,
			);
			path = "Preview Content";
			sourceTree = "<group>";
		};
		4CAC8AE025329BE7004A27F8 /* BottleBuddySwiftUITests */ = {
			isa = PBXGroup;
			children = (
				4CAC8AE125329BE7004A27F8 /* BottleBuddySwiftUITests.swift */,
				4CAC8AE325329BE7004A27F8 /* Info.plist */,
			);
			path = BottleBuddySwiftUITests;
			sourceTree = "<group>";
		};
		4CAC8AEB25329BE7004A27F8 /* BottleBuddySwiftUIUITests */ = {
			isa = PBXGroup;
			children = (
				4CAC8AEC25329BE7004A27F8 /* BottleBuddySwiftUIUITests.swift */,
				4CAC8AEE25329BE7004A27F8 /* Info.plist */,
			);
			path = BottleBuddySwiftUIUITests;
			sourceTree = "<group>";
		};
		5C03CF596CDE73173403BB68 /* Pods */ = {
			isa = PBXGroup;
			children = (
				056402634D81CEF20D90AC10 /* Pods-BottleBuddySwiftUI.debug.xcconfig */,
				38B124BAE224898E70C437FF /* Pods-BottleBuddySwiftUI.release.xcconfig */,
				E978F329D68E7B6ACDBAE3BF /* Pods-BottleBuddySwiftUI-BottleBuddySwiftUIUITests.debug.xcconfig */,
				CF64B6C1F2D29F6C0567D904 /* Pods-BottleBuddySwiftUI-BottleBuddySwiftUIUITests.release.xcconfig */,
				532BAC16BF9B1B8C1F0012EF /* Pods-BottleBuddySwiftUITests.debug.xcconfig */,
				0D6C354BF14EECAA4EB10ACF /* Pods-BottleBuddySwiftUITests.release.xcconfig */,
			);
			path = Pods;
			sourceTree = "<group>";
		};
		AB70ED92E218EDE85B11683C /* Frameworks */ = {
			isa = PBXGroup;
			children = (
				4C11B178253B7CF800FEF692 /* HealthKit.framework */,
				DDC79F4C5EEC16A151306C08 /* Pods_BottleBuddySwiftUI.framework */,
				B8FC7366B79DE0F3DC32E1F8 /* Pods_BottleBuddySwiftUI_BottleBuddySwiftUIUITests.framework */,
				AFF1CD522E16F2F022D06793 /* Pods_BottleBuddySwiftUITests.framework */,
			);
			name = Frameworks;
			sourceTree = "<group>";
		};
/* End PBXGroup section */

/* Begin PBXNativeTarget section */
		4CAC8AC625329BE4004A27F8 /* BottleBuddySwiftUI */ = {
			isa = PBXNativeTarget;
			buildConfigurationList = 4CAC8AF125329BE7004A27F8 /* Build configuration list for PBXNativeTarget "BottleBuddySwiftUI" */;
			buildPhases = (
				812CB52FE8AC30275BAD7023 /* [CP] Check Pods Manifest.lock */,
				4CAC8AC325329BE4004A27F8 /* Sources */,
				4CAC8AC425329BE4004A27F8 /* Frameworks */,
				4CAC8AC525329BE4004A27F8 /* Resources */,
				35B563206038B533EAB48705 /* [CP] Embed Pods Frameworks */,
			);
			buildRules = (
			);
			dependencies = (
			);
			name = BottleBuddySwiftUI;
			productName = BottleBuddySwiftUI;
			productReference = 4CAC8AC725329BE4004A27F8 /* BottleBuddySwiftUI.app */;
			productType = "com.apple.product-type.application";
		};
		4CAC8ADC25329BE7004A27F8 /* BottleBuddySwiftUITests */ = {
			isa = PBXNativeTarget;
			buildConfigurationList = 4CAC8AF425329BE7004A27F8 /* Build configuration list for PBXNativeTarget "BottleBuddySwiftUITests" */;
			buildPhases = (
				F59D398D38D77F321FAA49C5 /* [CP] Check Pods Manifest.lock */,
				4CAC8AD925329BE7004A27F8 /* Sources */,
				4CAC8ADA25329BE7004A27F8 /* Frameworks */,
				4CAC8ADB25329BE7004A27F8 /* Resources */,
			);
			buildRules = (
			);
			dependencies = (
				4CAC8ADF25329BE7004A27F8 /* PBXTargetDependency */,
			);
			name = BottleBuddySwiftUITests;
			productName = BottleBuddySwiftUITests;
			productReference = 4CAC8ADD25329BE7004A27F8 /* BottleBuddySwiftUITests.xctest */;
			productType = "com.apple.product-type.bundle.unit-test";
		};
		4CAC8AE725329BE7004A27F8 /* BottleBuddySwiftUIUITests */ = {
			isa = PBXNativeTarget;
			buildConfigurationList = 4CAC8AF725329BE7004A27F8 /* Build configuration list for PBXNativeTarget "BottleBuddySwiftUIUITests" */;
			buildPhases = (
				D582DF5FACF4420AAD77D476 /* [CP] Check Pods Manifest.lock */,
				4CAC8AE425329BE7004A27F8 /* Sources */,
				4CAC8AE525329BE7004A27F8 /* Frameworks */,
				4CAC8AE625329BE7004A27F8 /* Resources */,
				7034FCD553DDE9826029FFAE /* [CP] Embed Pods Frameworks */,
			);
			buildRules = (
			);
			dependencies = (
				4CAC8AEA25329BE7004A27F8 /* PBXTargetDependency */,
			);
			name = BottleBuddySwiftUIUITests;
			productName = BottleBuddySwiftUIUITests;
			productReference = 4CAC8AE825329BE7004A27F8 /* BottleBuddySwiftUIUITests.xctest */;
			productType = "com.apple.product-type.bundle.ui-testing";
		};
/* End PBXNativeTarget section */

/* Begin PBXProject section */
		4CAC8ABF25329BE4004A27F8 /* Project object */ = {
			isa = PBXProject;
			attributes = {
				LastSwiftUpdateCheck = 1200;
				LastUpgradeCheck = 1200;
				TargetAttributes = {
					4CAC8AC625329BE4004A27F8 = {
						CreatedOnToolsVersion = 12.0.1;
					};
					4CAC8ADC25329BE7004A27F8 = {
						CreatedOnToolsVersion = 12.0.1;
						TestTargetID = 4CAC8AC625329BE4004A27F8;
					};
					4CAC8AE725329BE7004A27F8 = {
						CreatedOnToolsVersion = 12.0.1;
						TestTargetID = 4CAC8AC625329BE4004A27F8;
					};
				};
			};
			buildConfigurationList = 4CAC8AC225329BE4004A27F8 /* Build configuration list for PBXProject "BottleBuddySwiftUI" */;
			compatibilityVersion = "Xcode 9.3";
			developmentRegion = en;
			hasScannedForEncodings = 0;
			knownRegions = (
				en,
				Base,
			);
			mainGroup = 4CAC8ABE25329BE4004A27F8;
			productRefGroup = 4CAC8AC825329BE4004A27F8 /* Products */;
			projectDirPath = "";
			projectRoot = "";
			targets = (
				4CAC8AC625329BE4004A27F8 /* BottleBuddySwiftUI */,
				4CAC8ADC25329BE7004A27F8 /* BottleBuddySwiftUITests */,
				4CAC8AE725329BE7004A27F8 /* BottleBuddySwiftUIUITests */,
			);
		};
/* End PBXProject section */

/* Begin PBXResourcesBuildPhase section */
		4CAC8AC525329BE4004A27F8 /* Resources */ = {
			isa = PBXResourcesBuildPhase;
			buildActionMask = 2147483647;
			files = (
				4CAC8AD425329BE7004A27F8 /* Preview Assets.xcassets in Resources */,
				4CAC8AD125329BE7004A27F8 /* Assets.xcassets in Resources */,
				4CD5F525253A39AB005711DB /* GoogleService-Info.plist in Resources */,
			);
			runOnlyForDeploymentPostprocessing = 0;
		};
		4CAC8ADB25329BE7004A27F8 /* Resources */ = {
			isa = PBXResourcesBuildPhase;
			buildActionMask = 2147483647;
			files = (
			);
			runOnlyForDeploymentPostprocessing = 0;
		};
		4CAC8AE625329BE7004A27F8 /* Resources */ = {
			isa = PBXResourcesBuildPhase;
			buildActionMask = 2147483647;
			files = (
			);
			runOnlyForDeploymentPostprocessing = 0;
		};
/* End PBXResourcesBuildPhase section */

/* Begin PBXShellScriptBuildPhase section */
		35B563206038B533EAB48705 /* [CP] Embed Pods Frameworks */ = {
			isa = PBXShellScriptBuildPhase;
			buildActionMask = 2147483647;
			files = (
			);
			inputFileListPaths = (
				"${PODS_ROOT}/Target Support Files/Pods-BottleBuddySwiftUI/Pods-BottleBuddySwiftUI-frameworks-${CONFIGURATION}-input-files.xcfilelist",
			);
			name = "[CP] Embed Pods Frameworks";
			outputFileListPaths = (
				"${PODS_ROOT}/Target Support Files/Pods-BottleBuddySwiftUI/Pods-BottleBuddySwiftUI-frameworks-${CONFIGURATION}-output-files.xcfilelist",
			);
			runOnlyForDeploymentPostprocessing = 0;
			shellPath = /bin/sh;
			shellScript = "\"${PODS_ROOT}/Target Support Files/Pods-BottleBuddySwiftUI/Pods-BottleBuddySwiftUI-frameworks.sh\"\n";
			showEnvVarsInLog = 0;
		};
		7034FCD553DDE9826029FFAE /* [CP] Embed Pods Frameworks */ = {
			isa = PBXShellScriptBuildPhase;
			buildActionMask = 2147483647;
			files = (
			);
			inputFileListPaths = (
				"${PODS_ROOT}/Target Support Files/Pods-BottleBuddySwiftUI-BottleBuddySwiftUIUITests/Pods-BottleBuddySwiftUI-BottleBuddySwiftUIUITests-frameworks-${CONFIGURATION}-input-files.xcfilelist",
			);
			name = "[CP] Embed Pods Frameworks";
			outputFileListPaths = (
				"${PODS_ROOT}/Target Support Files/Pods-BottleBuddySwiftUI-BottleBuddySwiftUIUITests/Pods-BottleBuddySwiftUI-BottleBuddySwiftUIUITests-frameworks-${CONFIGURATION}-output-files.xcfilelist",
			);
			runOnlyForDeploymentPostprocessing = 0;
			shellPath = /bin/sh;
			shellScript = "\"${PODS_ROOT}/Target Support Files/Pods-BottleBuddySwiftUI-BottleBuddySwiftUIUITests/Pods-BottleBuddySwiftUI-BottleBuddySwiftUIUITests-frameworks.sh\"\n";
			showEnvVarsInLog = 0;
		};
		812CB52FE8AC30275BAD7023 /* [CP] Check Pods Manifest.lock */ = {
			isa = PBXShellScriptBuildPhase;
			buildActionMask = 2147483647;
			files = (
			);
			inputFileListPaths = (
			);
			inputPaths = (
				"${PODS_PODFILE_DIR_PATH}/Podfile.lock",
				"${PODS_ROOT}/Manifest.lock",
			);
			name = "[CP] Check Pods Manifest.lock";
			outputFileListPaths = (
			);
			outputPaths = (
				"$(DERIVED_FILE_DIR)/Pods-BottleBuddySwiftUI-checkManifestLockResult.txt",
			);
			runOnlyForDeploymentPostprocessing = 0;
			shellPath = /bin/sh;
			shellScript = "diff \"${PODS_PODFILE_DIR_PATH}/Podfile.lock\" \"${PODS_ROOT}/Manifest.lock\" > /dev/null\nif [ $? != 0 ] ; then\n    # print error to STDERR\n    echo \"error: The sandbox is not in sync with the Podfile.lock. Run 'pod install' or update your CocoaPods installation.\" >&2\n    exit 1\nfi\n# This output is used by Xcode 'outputs' to avoid re-running this script phase.\necho \"SUCCESS\" > \"${SCRIPT_OUTPUT_FILE_0}\"\n";
			showEnvVarsInLog = 0;
		};
		D582DF5FACF4420AAD77D476 /* [CP] Check Pods Manifest.lock */ = {
			isa = PBXShellScriptBuildPhase;
			buildActionMask = 2147483647;
			files = (
			);
			inputFileListPaths = (
			);
			inputPaths = (
				"${PODS_PODFILE_DIR_PATH}/Podfile.lock",
				"${PODS_ROOT}/Manifest.lock",
			);
			name = "[CP] Check Pods Manifest.lock";
			outputFileListPaths = (
			);
			outputPaths = (
				"$(DERIVED_FILE_DIR)/Pods-BottleBuddySwiftUI-BottleBuddySwiftUIUITests-checkManifestLockResult.txt",
			);
			runOnlyForDeploymentPostprocessing = 0;
			shellPath = /bin/sh;
			shellScript = "diff \"${PODS_PODFILE_DIR_PATH}/Podfile.lock\" \"${PODS_ROOT}/Manifest.lock\" > /dev/null\nif [ $? != 0 ] ; then\n    # print error to STDERR\n    echo \"error: The sandbox is not in sync with the Podfile.lock. Run 'pod install' or update your CocoaPods installation.\" >&2\n    exit 1\nfi\n# This output is used by Xcode 'outputs' to avoid re-running this script phase.\necho \"SUCCESS\" > \"${SCRIPT_OUTPUT_FILE_0}\"\n";
			showEnvVarsInLog = 0;
		};
		F59D398D38D77F321FAA49C5 /* [CP] Check Pods Manifest.lock */ = {
			isa = PBXShellScriptBuildPhase;
			buildActionMask = 2147483647;
			files = (
			);
			inputFileListPaths = (
			);
			inputPaths = (
				"${PODS_PODFILE_DIR_PATH}/Podfile.lock",
				"${PODS_ROOT}/Manifest.lock",
			);
			name = "[CP] Check Pods Manifest.lock";
			outputFileListPaths = (
			);
			outputPaths = (
				"$(DERIVED_FILE_DIR)/Pods-BottleBuddySwiftUITests-checkManifestLockResult.txt",
			);
			runOnlyForDeploymentPostprocessing = 0;
			shellPath = /bin/sh;
			shellScript = "diff \"${PODS_PODFILE_DIR_PATH}/Podfile.lock\" \"${PODS_ROOT}/Manifest.lock\" > /dev/null\nif [ $? != 0 ] ; then\n    # print error to STDERR\n    echo \"error: The sandbox is not in sync with the Podfile.lock. Run 'pod install' or update your CocoaPods installation.\" >&2\n    exit 1\nfi\n# This output is used by Xcode 'outputs' to avoid re-running this script phase.\necho \"SUCCESS\" > \"${SCRIPT_OUTPUT_FILE_0}\"\n";
			showEnvVarsInLog = 0;
		};
/* End PBXShellScriptBuildPhase section */

/* Begin PBXSourcesBuildPhase section */
		4CAC8AC325329BE4004A27F8 /* Sources */ = {
			isa = PBXSourcesBuildPhase;
			buildActionMask = 2147483647;
			files = (
				4C5CAA9A25D0CE6A005F9AB8 /* Bluetooth.swift in Sources */,
				4C84DD7825D07EB800DD0376 /* EditProfileView.swift in Sources */,
				4C11B14C253B781600FEF692 /* HomePageView.swift in Sources */,
				4C11B160253B78C100FEF692 /* ProfileView.swift in Sources */,
				1AF2D29125FE5467008FB384 /* AppStateManager.swift in Sources */,
				4CFE21CC253B5E5600666A61 /* DashboardView.swift in Sources */,
				4C84DD8025D0819300DD0376 /* RegisterView.swift in Sources */,
				4C84DD7025D07CA900DD0376 /* BluetoothConnectView.swift in Sources */,
				4CAC8ACB25329BE4004A27F8 /* AppDelegate.swift in Sources */,
				4CAC8ACD25329BE4004A27F8 /* SceneDelegate.swift in Sources */,
				1A55664B2565A23F00683DE7 /* UserDataView.swift in Sources */,
				4CAC8ACF25329BE4004A27F8 /* ContentView.swift in Sources */,
				4C80092125E80540000E447A /* NotificationManager.swift in Sources */,
				1A3D152225D4B64000782B8F /* WaterReadingView.swift in Sources */,
				4C11B156253B783F00FEF692 /* HealthStore.swift in Sources */,
			);
			runOnlyForDeploymentPostprocessing = 0;
		};
		4CAC8AD925329BE7004A27F8 /* Sources */ = {
			isa = PBXSourcesBuildPhase;
			buildActionMask = 2147483647;
			files = (
				4CAC8AE225329BE7004A27F8 /* BottleBuddySwiftUITests.swift in Sources */,
			);
			runOnlyForDeploymentPostprocessing = 0;
		};
		4CAC8AE425329BE7004A27F8 /* Sources */ = {
			isa = PBXSourcesBuildPhase;
			buildActionMask = 2147483647;
			files = (
				4CAC8AED25329BE7004A27F8 /* BottleBuddySwiftUIUITests.swift in Sources */,
			);
			runOnlyForDeploymentPostprocessing = 0;
		};
/* End PBXSourcesBuildPhase section */

/* Begin PBXTargetDependency section */
		4CAC8ADF25329BE7004A27F8 /* PBXTargetDependency */ = {
			isa = PBXTargetDependency;
			target = 4CAC8AC625329BE4004A27F8 /* BottleBuddySwiftUI */;
			targetProxy = 4CAC8ADE25329BE7004A27F8 /* PBXContainerItemProxy */;
		};
		4CAC8AEA25329BE7004A27F8 /* PBXTargetDependency */ = {
			isa = PBXTargetDependency;
			target = 4CAC8AC625329BE4004A27F8 /* BottleBuddySwiftUI */;
			targetProxy = 4CAC8AE925329BE7004A27F8 /* PBXContainerItemProxy */;
		};
/* End PBXTargetDependency section */

/* Begin XCBuildConfiguration section */
		4CAC8AEF25329BE7004A27F8 /* Debug */ = {
			isa = XCBuildConfiguration;
			buildSettings = {
				ALWAYS_SEARCH_USER_PATHS = NO;
				CLANG_ANALYZER_NONNULL = YES;
				CLANG_ANALYZER_NUMBER_OBJECT_CONVERSION = YES_AGGRESSIVE;
				CLANG_CXX_LANGUAGE_STANDARD = "gnu++14";
				CLANG_CXX_LIBRARY = "libc++";
				CLANG_ENABLE_MODULES = YES;
				CLANG_ENABLE_OBJC_ARC = YES;
				CLANG_ENABLE_OBJC_WEAK = YES;
				CLANG_WARN_BLOCK_CAPTURE_AUTORELEASING = YES;
				CLANG_WARN_BOOL_CONVERSION = YES;
				CLANG_WARN_COMMA = YES;
				CLANG_WARN_CONSTANT_CONVERSION = YES;
				CLANG_WARN_DEPRECATED_OBJC_IMPLEMENTATIONS = YES;
				CLANG_WARN_DIRECT_OBJC_ISA_USAGE = YES_ERROR;
				CLANG_WARN_DOCUMENTATION_COMMENTS = YES;
				CLANG_WARN_EMPTY_BODY = YES;
				CLANG_WARN_ENUM_CONVERSION = YES;
				CLANG_WARN_INFINITE_RECURSION = YES;
				CLANG_WARN_INT_CONVERSION = YES;
				CLANG_WARN_NON_LITERAL_NULL_CONVERSION = YES;
				CLANG_WARN_OBJC_IMPLICIT_RETAIN_SELF = YES;
				CLANG_WARN_OBJC_LITERAL_CONVERSION = YES;
				CLANG_WARN_OBJC_ROOT_CLASS = YES_ERROR;
				CLANG_WARN_QUOTED_INCLUDE_IN_FRAMEWORK_HEADER = YES;
				CLANG_WARN_RANGE_LOOP_ANALYSIS = YES;
				CLANG_WARN_STRICT_PROTOTYPES = YES;
				CLANG_WARN_SUSPICIOUS_MOVE = YES;
				CLANG_WARN_UNGUARDED_AVAILABILITY = YES_AGGRESSIVE;
				CLANG_WARN_UNREACHABLE_CODE = YES;
				CLANG_WARN__DUPLICATE_METHOD_MATCH = YES;
				COPY_PHASE_STRIP = NO;
				DEBUG_INFORMATION_FORMAT = dwarf;
				ENABLE_STRICT_OBJC_MSGSEND = YES;
				ENABLE_TESTABILITY = YES;
				GCC_C_LANGUAGE_STANDARD = gnu11;
				GCC_DYNAMIC_NO_PIC = NO;
				GCC_NO_COMMON_BLOCKS = YES;
				GCC_OPTIMIZATION_LEVEL = 0;
				GCC_PREPROCESSOR_DEFINITIONS = (
					"DEBUG=1",
					"$(inherited)",
				);
				GCC_WARN_64_TO_32_BIT_CONVERSION = YES;
				GCC_WARN_ABOUT_RETURN_TYPE = YES_ERROR;
				GCC_WARN_UNDECLARED_SELECTOR = YES;
				GCC_WARN_UNINITIALIZED_AUTOS = YES_AGGRESSIVE;
				GCC_WARN_UNUSED_FUNCTION = YES;
				GCC_WARN_UNUSED_VARIABLE = YES;
				IPHONEOS_DEPLOYMENT_TARGET = 14.0;
				MTL_ENABLE_DEBUG_INFO = INCLUDE_SOURCE;
				MTL_FAST_MATH = YES;
				ONLY_ACTIVE_ARCH = YES;
				SDKROOT = iphoneos;
				SWIFT_ACTIVE_COMPILATION_CONDITIONS = DEBUG;
				SWIFT_OPTIMIZATION_LEVEL = "-Onone";
			};
			name = Debug;
		};
		4CAC8AF025329BE7004A27F8 /* Release */ = {
			isa = XCBuildConfiguration;
			buildSettings = {
				ALWAYS_SEARCH_USER_PATHS = NO;
				CLANG_ANALYZER_NONNULL = YES;
				CLANG_ANALYZER_NUMBER_OBJECT_CONVERSION = YES_AGGRESSIVE;
				CLANG_CXX_LANGUAGE_STANDARD = "gnu++14";
				CLANG_CXX_LIBRARY = "libc++";
				CLANG_ENABLE_MODULES = YES;
				CLANG_ENABLE_OBJC_ARC = YES;
				CLANG_ENABLE_OBJC_WEAK = YES;
				CLANG_WARN_BLOCK_CAPTURE_AUTORELEASING = YES;
				CLANG_WARN_BOOL_CONVERSION = YES;
				CLANG_WARN_COMMA = YES;
				CLANG_WARN_CONSTANT_CONVERSION = YES;
				CLANG_WARN_DEPRECATED_OBJC_IMPLEMENTATIONS = YES;
				CLANG_WARN_DIRECT_OBJC_ISA_USAGE = YES_ERROR;
				CLANG_WARN_DOCUMENTATION_COMMENTS = YES;
				CLANG_WARN_EMPTY_BODY = YES;
				CLANG_WARN_ENUM_CONVERSION = YES;
				CLANG_WARN_INFINITE_RECURSION = YES;
				CLANG_WARN_INT_CONVERSION = YES;
				CLANG_WARN_NON_LITERAL_NULL_CONVERSION = YES;
				CLANG_WARN_OBJC_IMPLICIT_RETAIN_SELF = YES;
				CLANG_WARN_OBJC_LITERAL_CONVERSION = YES;
				CLANG_WARN_OBJC_ROOT_CLASS = YES_ERROR;
				CLANG_WARN_QUOTED_INCLUDE_IN_FRAMEWORK_HEADER = YES;
				CLANG_WARN_RANGE_LOOP_ANALYSIS = YES;
				CLANG_WARN_STRICT_PROTOTYPES = YES;
				CLANG_WARN_SUSPICIOUS_MOVE = YES;
				CLANG_WARN_UNGUARDED_AVAILABILITY = YES_AGGRESSIVE;
				CLANG_WARN_UNREACHABLE_CODE = YES;
				CLANG_WARN__DUPLICATE_METHOD_MATCH = YES;
				COPY_PHASE_STRIP = NO;
				DEBUG_INFORMATION_FORMAT = "dwarf-with-dsym";
				ENABLE_NS_ASSERTIONS = NO;
				ENABLE_STRICT_OBJC_MSGSEND = YES;
				GCC_C_LANGUAGE_STANDARD = gnu11;
				GCC_NO_COMMON_BLOCKS = YES;
				GCC_WARN_64_TO_32_BIT_CONVERSION = YES;
				GCC_WARN_ABOUT_RETURN_TYPE = YES_ERROR;
				GCC_WARN_UNDECLARED_SELECTOR = YES;
				GCC_WARN_UNINITIALIZED_AUTOS = YES_AGGRESSIVE;
				GCC_WARN_UNUSED_FUNCTION = YES;
				GCC_WARN_UNUSED_VARIABLE = YES;
				IPHONEOS_DEPLOYMENT_TARGET = 14.0;
				MTL_ENABLE_DEBUG_INFO = NO;
				MTL_FAST_MATH = YES;
				SDKROOT = iphoneos;
				SWIFT_COMPILATION_MODE = wholemodule;
				SWIFT_OPTIMIZATION_LEVEL = "-O";
				VALIDATE_PRODUCT = YES;
			};
			name = Release;
		};
		4CAC8AF225329BE7004A27F8 /* Debug */ = {
			isa = XCBuildConfiguration;
			baseConfigurationReference = 056402634D81CEF20D90AC10 /* Pods-BottleBuddySwiftUI.debug.xcconfig */;
			buildSettings = {
				ASSETCATALOG_COMPILER_APPICON_NAME = AppIcon;
				ASSETCATALOG_COMPILER_GLOBAL_ACCENT_COLOR_NAME = AccentColor;
				CODE_SIGN_ENTITLEMENTS = BottleBuddySwiftUI/BottleBuddySwiftUI.entitlements;
				CODE_SIGN_STYLE = Automatic;
				DEVELOPMENT_ASSET_PATHS = "\"BottleBuddySwiftUI/Preview Content\"";
				DEVELOPMENT_TEAM = 3UZS6AS8CD;
				ENABLE_PREVIEWS = YES;
				INFOPLIST_FILE = BottleBuddySwiftUI/Info.plist;
				IPHONEOS_DEPLOYMENT_TARGET = 14.0;
				LD_RUNPATH_SEARCH_PATHS = (
					"$(inherited)",
					"@executable_path/Frameworks",
				);
				PRODUCT_BUNDLE_IDENTIFIER = Chris.BottleBuddySwiftUI;
				PRODUCT_NAME = "$(TARGET_NAME)";
				SWIFT_VERSION = 5.0;
				TARGETED_DEVICE_FAMILY = "1,2";
			};
			name = Debug;
		};
		4CAC8AF325329BE7004A27F8 /* Release */ = {
			isa = XCBuildConfiguration;
			baseConfigurationReference = 38B124BAE224898E70C437FF /* Pods-BottleBuddySwiftUI.release.xcconfig */;
			buildSettings = {
				ASSETCATALOG_COMPILER_APPICON_NAME = AppIcon;
				ASSETCATALOG_COMPILER_GLOBAL_ACCENT_COLOR_NAME = AccentColor;
				CODE_SIGN_ENTITLEMENTS = BottleBuddySwiftUI/BottleBuddySwiftUI.entitlements;
				CODE_SIGN_STYLE = Automatic;
				DEVELOPMENT_ASSET_PATHS = "\"BottleBuddySwiftUI/Preview Content\"";
				DEVELOPMENT_TEAM = 3UZS6AS8CD;
				ENABLE_PREVIEWS = YES;
				INFOPLIST_FILE = BottleBuddySwiftUI/Info.plist;
				IPHONEOS_DEPLOYMENT_TARGET = 14.0;
				LD_RUNPATH_SEARCH_PATHS = (
					"$(inherited)",
					"@executable_path/Frameworks",
				);
				PRODUCT_BUNDLE_IDENTIFIER = Chris.BottleBuddySwiftUI;
				PRODUCT_NAME = "$(TARGET_NAME)";
				SWIFT_VERSION = 5.0;
				TARGETED_DEVICE_FAMILY = "1,2";
			};
			name = Release;
		};
		4CAC8AF525329BE7004A27F8 /* Debug */ = {
			isa = XCBuildConfiguration;
			baseConfigurationReference = 532BAC16BF9B1B8C1F0012EF /* Pods-BottleBuddySwiftUITests.debug.xcconfig */;
			buildSettings = {
				ALWAYS_EMBED_SWIFT_STANDARD_LIBRARIES = YES;
				BUNDLE_LOADER = "$(TEST_HOST)";
				CODE_SIGN_STYLE = Automatic;
				DEVELOPMENT_TEAM = 43798T93T8;
				INFOPLIST_FILE = BottleBuddySwiftUITests/Info.plist;
				IPHONEOS_DEPLOYMENT_TARGET = 14.0;
				LD_RUNPATH_SEARCH_PATHS = (
					"$(inherited)",
					"@executable_path/Frameworks",
					"@loader_path/Frameworks",
				);
				PRODUCT_BUNDLE_IDENTIFIER = FlanneryThompson.BottleBuddySwiftUITests;
				PRODUCT_NAME = "$(TARGET_NAME)";
				SWIFT_VERSION = 5.0;
				TARGETED_DEVICE_FAMILY = "1,2";
				TEST_HOST = "$(BUILT_PRODUCTS_DIR)/BottleBuddySwiftUI.app/BottleBuddySwiftUI";
			};
			name = Debug;
		};
		4CAC8AF625329BE7004A27F8 /* Release */ = {
			isa = XCBuildConfiguration;
			baseConfigurationReference = 0D6C354BF14EECAA4EB10ACF /* Pods-BottleBuddySwiftUITests.release.xcconfig */;
			buildSettings = {
				ALWAYS_EMBED_SWIFT_STANDARD_LIBRARIES = YES;
				BUNDLE_LOADER = "$(TEST_HOST)";
				CODE_SIGN_STYLE = Automatic;
				DEVELOPMENT_TEAM = 43798T93T8;
				INFOPLIST_FILE = BottleBuddySwiftUITests/Info.plist;
				IPHONEOS_DEPLOYMENT_TARGET = 14.0;
				LD_RUNPATH_SEARCH_PATHS = (
					"$(inherited)",
					"@executable_path/Frameworks",
					"@loader_path/Frameworks",
				);
				PRODUCT_BUNDLE_IDENTIFIER = FlanneryThompson.BottleBuddySwiftUITests;
				PRODUCT_NAME = "$(TARGET_NAME)";
				SWIFT_VERSION = 5.0;
				TARGETED_DEVICE_FAMILY = "1,2";
				TEST_HOST = "$(BUILT_PRODUCTS_DIR)/BottleBuddySwiftUI.app/BottleBuddySwiftUI";
			};
			name = Release;
		};
		4CAC8AF825329BE7004A27F8 /* Debug */ = {
			isa = XCBuildConfiguration;
			baseConfigurationReference = E978F329D68E7B6ACDBAE3BF /* Pods-BottleBuddySwiftUI-BottleBuddySwiftUIUITests.debug.xcconfig */;
			buildSettings = {
				ALWAYS_EMBED_SWIFT_STANDARD_LIBRARIES = YES;
				CODE_SIGN_STYLE = Automatic;
				DEVELOPMENT_TEAM = 43798T93T8;
				INFOPLIST_FILE = BottleBuddySwiftUIUITests/Info.plist;
				LD_RUNPATH_SEARCH_PATHS = (
					"$(inherited)",
					"@executable_path/Frameworks",
					"@loader_path/Frameworks",
				);
				PRODUCT_BUNDLE_IDENTIFIER = FlanneryThompson.BottleBuddySwiftUIUITests;
				PRODUCT_NAME = "$(TARGET_NAME)";
				SWIFT_VERSION = 5.0;
				TARGETED_DEVICE_FAMILY = "1,2";
				TEST_TARGET_NAME = BottleBuddySwiftUI;
			};
			name = Debug;
		};
		4CAC8AF925329BE7004A27F8 /* Release */ = {
			isa = XCBuildConfiguration;
			baseConfigurationReference = CF64B6C1F2D29F6C0567D904 /* Pods-BottleBuddySwiftUI-BottleBuddySwiftUIUITests.release.xcconfig */;
			buildSettings = {
				ALWAYS_EMBED_SWIFT_STANDARD_LIBRARIES = YES;
				CODE_SIGN_STYLE = Automatic;
				DEVELOPMENT_TEAM = 43798T93T8;
				INFOPLIST_FILE = BottleBuddySwiftUIUITests/Info.plist;
				LD_RUNPATH_SEARCH_PATHS = (
					"$(inherited)",
					"@executable_path/Frameworks",
					"@loader_path/Frameworks",
				);
				PRODUCT_BUNDLE_IDENTIFIER = FlanneryThompson.BottleBuddySwiftUIUITests;
				PRODUCT_NAME = "$(TARGET_NAME)";
				SWIFT_VERSION = 5.0;
				TARGETED_DEVICE_FAMILY = "1,2";
				TEST_TARGET_NAME = BottleBuddySwiftUI;
			};
			name = Release;
		};
/* End XCBuildConfiguration section */

/* Begin XCConfigurationList section */
		4CAC8AC225329BE4004A27F8 /* Build configuration list for PBXProject "BottleBuddySwiftUI" */ = {
			isa = XCConfigurationList;
			buildConfigurations = (
				4CAC8AEF25329BE7004A27F8 /* Debug */,
				4CAC8AF025329BE7004A27F8 /* Release */,
			);
			defaultConfigurationIsVisible = 0;
			defaultConfigurationName = Release;
		};
		4CAC8AF125329BE7004A27F8 /* Build configuration list for PBXNativeTarget "BottleBuddySwiftUI" */ = {
			isa = XCConfigurationList;
			buildConfigurations = (
				4CAC8AF225329BE7004A27F8 /* Debug */,
				4CAC8AF325329BE7004A27F8 /* Release */,
			);
			defaultConfigurationIsVisible = 0;
			defaultConfigurationName = Release;
		};
		4CAC8AF425329BE7004A27F8 /* Build configuration list for PBXNativeTarget "BottleBuddySwiftUITests" */ = {
			isa = XCConfigurationList;
			buildConfigurations = (
				4CAC8AF525329BE7004A27F8 /* Debug */,
				4CAC8AF625329BE7004A27F8 /* Release */,
			);
			defaultConfigurationIsVisible = 0;
			defaultConfigurationName = Release;
		};
		4CAC8AF725329BE7004A27F8 /* Build configuration list for PBXNativeTarget "BottleBuddySwiftUIUITests" */ = {
			isa = XCConfigurationList;
			buildConfigurations = (
				4CAC8AF825329BE7004A27F8 /* Debug */,
				4CAC8AF925329BE7004A27F8 /* Release */,
			);
			defaultConfigurationIsVisible = 0;
			defaultConfigurationName = Release;
		};
/* End XCConfigurationList section */
	};
	rootObject = 4CAC8ABF25329BE4004A27F8 /* Project object */;
}
